
Microsoft Visual Studio Solution File, Format Version 12.00
# Visual Studio Version 17
VisualStudioVersion = 17.5.33424.131
MinimumVisualStudioVersion = 10.0.40219.1
Project("{FAE04EC0-301F-11D3-BF4B-00C04F79EFBC}") = "Prak12_Array", "Prak12_Array\Prak12_Array.csproj", "{69CA5931-F4EE-40F1-AEDF-CF664A19FA90}"
EndProject
Global
	GlobalSection(SolutionConfigurationPlatforms) = preSolution
		Debug|Any CPU = Debug|Any CPU
		Release|Any CPU = Release|Any CPU
	EndGlobalSection
	GlobalSection(ProjectConfigurationPlatforms) = postSolution
		{69CA5931-F4EE-40F1-AEDF-CF664A19FA90}.Debug|Any CPU.ActiveCfg = Debug|Any CPU
		{69CA5931-F4EE-40F1-AEDF-CF664A19FA90}.Debug|Any CPU.Build.0 = Debug|Any CPU
		{69CA5931-F4EE-40F1-AEDF-CF664A19FA90}.Release|Any CPU.ActiveCfg = Release|Any CPU
		{69CA5931-F4EE-40F1-AEDF-CF664A19FA90}.Release|Any CPU.Build.0 = Release|Any CPU
	EndGlobalSection
	GlobalSection(SolutionProperties) = preSolution
		HideSolutionNode = FALSE
	EndGlobalSection
	GlobalSection(ExtensibilityGlobals) = postSolution
		SolutionGuid = {747D3A11-FD09-4979-A44B-1E4D31F40280}
	EndGlobalSection
EndGlobal
